<?xml version="1.0" encoding="utf-8"?>
<Project ToolsVersion="4.0" xmlns="http://schemas.microsoft.com/developer/msbuild/2003">
  <ItemGroup>
    <ClCompile Include="shaderClass.cpp">
      <Filter>Source Files</Filter>
    </ClCompile>
    <ClCompile Include="Main.cpp">
      <Filter>Source Files</Filter>
    </ClCompile>
    <ClCompile Include="EBO.cpp">
      <Filter>Source Files</Filter>
    </ClCompile>
    <ClCompile Include="VBO.cpp">
      <Filter>Source Files</Filter>
    </ClCompile>
    <ClCompile Include="VAO.cpp">
      <Filter>Source Files</Filter>
    </ClCompile>
    <ClCompile Include="glad.c">
      <Filter>Source Files</Filter>
    </ClCompile>
    <ClCompile Include="stb.cpp">
      <Filter>Source Files</Filter>
    </ClCompile>
    <ClCompile Include="Texture.cpp">
      <Filter>Source Files</Filter>
    </ClCompile>
    <ClCompile Include="Camera.cpp">
      <Filter>Source Files</Filter>
    </ClCompile>
  </ItemGroup>
  <ItemGroup>
    <ClInclude Include="EBO.h">
      <Filter>Header Files</Filter>
    </ClInclude>
    <ClInclude Include="shaderClass.h">
      <Filter>Header Files</Filter>
    </ClInclude>
    <ClInclude Include="VAO.h">
      <Filter>Header Files</Filter>
    </ClInclude>
    <ClInclude Include="VBO.h">
      <Filter>Header Files</Filter>
    </ClInclude>
    <ClInclude Include="Texture.h">
      <Filter>Header Files</Filter>
    </ClInclude>
    <ClInclude Include="Camera.h">
      <Filter>Header Files</Filter>
    </ClInclude>
  </ItemGroup>
  <ItemGroup>
    <None Include="default.frag">
      <Filter>Resource Files\Shaders</Filter>
    </None>
    <None Include="default.vert">
      <Filter>Resource Files\Shaders</Filter>
    </None>
    <None Include="light.frag">
      <Filter>Resource Files\Shaders</Filter>
    </None>
    <None Include="light.vert">
      <Filter>Resource Files\Shaders</Filter>
    </None>
  </ItemGroup>
  <ItemGroup>
    <Filter Include="Header Files">
      <UniqueIdentifier>{04ff9ce7-c86e-4f04-8c28-35d1c5a37903}</UniqueIdentifier>
    </Filter>
    <Filter Include="Source Files">
      <UniqueIdentifier>{b603f3bf-8fd9-430d-ab4f-d500287bacfc}</UniqueIdentifier>
    </Filter>
    <Filter Include="Resource Files">
      <UniqueIdentifier>{41a2ee0d-f450-4945-9290-684a4d09ba9d}</UniqueIdentifier>
    </Filter>
    <Filter Include="Resource Files\Shaders">
      <UniqueIdentifier>{b3d38f8d-8884-4507-a64d-9614392abc85}</UniqueIdentifier>
    </Filter>
    <Filter Include="Resource Files\Textures">
      <UniqueIdentifier>{43c1e6cc-63c3-4be2-833b-612ea3b1060d}</UniqueIdentifier>
    </Filter>
  </ItemGroup>
  <ItemGroup>
    <Image Include="..\..\..\..\..\Downloads\serious_cat_512_8RGB.png">
      <Filter>Resource Files\Textures</Filter>
    </Image>
    <Image Include="..\..\..\..\..\Downloads\serious_cat_512_8RGBA.png">
      <Filter>Resource Files\Textures</Filter>
    </Image>
    <Image Include="..\..\..\..\..\Downloads\wario_tex_512_8RGBA.png">
      <Filter>Resource Files\Textures</Filter>
    </Image>
    <Image Include="wario_tex_512_8RGB.png">
      <Filter>Resource Files\Textures</Filter>
    </Image>
    <Image Include="..\..\..\..\..\Downloads\pine_bark_1k.blend\pine_bark.png">
      <Filter>Resource Files\Textures</Filter>
    </Image>
    <Image Include="..\..\..\..\..\Downloads\pine_bark_1k.blend\pine_bark_Spec.png">
      <Filter>Resource Files\Textures</Filter>
    </Image>
    <Image Include="..\..\..\..\..\Downloads\planks.png">
      <Filter>Resource Files\Textures</Filter>
    </Image>
    <Image Include="..\..\..\..\..\Downloads\planksSpec.png">
      <Filter>Resource Files\Textures</Filter>
    </Image>
    <Image Include="..\..\..\..\..\Downloads\wooden_gate_1k.blend\textures\wooden_gate_Spec.png">
      <Filter>Resource Files\Textures</Filter>
    </Image>
    <Image Include="..\..\..\..\..\Downloads\wooden_gate_1k.blend\textures\wooden_gate.png">
      <Filter>Resource Files\Textures</Filter>
    </Image>
  </ItemGroup>
</Project>